
Microsoft Visual Studio Solution File, Format Version 11.00
# Visual Studio 2010
Project("{E24C65DC-7377-472B-9ABA-BC803B73C61A}") = "ParadigmasApp", ".", "{A10D26A9-55F6-4729-81A4-AAACA10DA9A5}"
	ProjectSection(WebsiteProperties) = preProject
		TargetFrameworkMoniker = ".NETFramework,Version%3Dv4.0"
		ProjectReferences = "{4457FA1E-3AC0-461A-8E30-0EE1B772C72D}|Frame.dll;"
		Debug.AspNetCompiler.VirtualPath = "/ParadigmasApp"
		Debug.AspNetCompiler.PhysicalPath = "..\ParadigmasApp\"
		Debug.AspNetCompiler.TargetPath = "PrecompiledWeb\ParadigmasApp\"
		Debug.AspNetCompiler.Updateable = "true"
		Debug.AspNetCompiler.ForceOverwrite = "true"
		Debug.AspNetCompiler.FixedNames = "false"
		Debug.AspNetCompiler.Debug = "True"
		Release.AspNetCompiler.VirtualPath = "/ParadigmasApp"
		Release.AspNetCompiler.PhysicalPath = "..\ParadigmasApp\"
		Release.AspNetCompiler.TargetPath = "PrecompiledWeb\ParadigmasApp\"
		Release.AspNetCompiler.Updateable = "true"
		Release.AspNetCompiler.ForceOverwrite = "true"
		Release.AspNetCompiler.FixedNames = "false"
		Release.AspNetCompiler.Debug = "False"
		VWDPort = "33075"
	EndProjectSection
EndProject
Project("{FAE04EC0-301F-11D3-BF4B-00C04F79EFBC}") = "Frame", "..\Frame\Frame.csproj", "{4457FA1E-3AC0-461A-8E30-0EE1B772C72D}"
EndProject
Global
	GlobalSection(SolutionConfigurationPlatforms) = preSolution
		Debug|Any CPU = Debug|Any CPU
		Release|Any CPU = Release|Any CPU
	EndGlobalSection
	GlobalSection(ProjectConfigurationPlatforms) = postSolution
		{A10D26A9-55F6-4729-81A4-AAACA10DA9A5}.Debug|Any CPU.ActiveCfg = Debug|Any CPU
		{A10D26A9-55F6-4729-81A4-AAACA10DA9A5}.Debug|Any CPU.Build.0 = Debug|Any CPU
		{A10D26A9-55F6-4729-81A4-AAACA10DA9A5}.Release|Any CPU.ActiveCfg = Debug|Any CPU
		{A10D26A9-55F6-4729-81A4-AAACA10DA9A5}.Release|Any CPU.Build.0 = Debug|Any CPU
		{4457FA1E-3AC0-461A-8E30-0EE1B772C72D}.Debug|Any CPU.ActiveCfg = Debug|Any CPU
		{4457FA1E-3AC0-461A-8E30-0EE1B772C72D}.Debug|Any CPU.Build.0 = Debug|Any CPU
		{4457FA1E-3AC0-461A-8E30-0EE1B772C72D}.Release|Any CPU.ActiveCfg = Release|Any CPU
		{4457FA1E-3AC0-461A-8E30-0EE1B772C72D}.Release|Any CPU.Build.0 = Release|Any CPU
	EndGlobalSection
	GlobalSection(SolutionProperties) = preSolution
		HideSolutionNode = FALSE
	EndGlobalSection
EndGlobal
